// !$*UTF8*$!
{
	archiveVersion = 1;
	classes = {
	};
	objectVersion = 55;
	objects = {

/* Begin PBXBuildFile section */
		4321374E27E9DE280007810D /* AppDelegate.swift in Sources */ = {isa = PBXBuildFile; fileRef = 4321374D27E9DE280007810D /* AppDelegate.swift */; };
		4321375027E9DE280007810D /* SceneDelegate.swift in Sources */ = {isa = PBXBuildFile; fileRef = 4321374F27E9DE280007810D /* SceneDelegate.swift */; };
		4321375227E9DE280007810D /* MainMenuViewController.swift in Sources */ = {isa = PBXBuildFile; fileRef = 4321375127E9DE280007810D /* MainMenuViewController.swift */; };
		4321375527E9DE280007810D /* Main.storyboard in Resources */ = {isa = PBXBuildFile; fileRef = 4321375327E9DE280007810D /* Main.storyboard */; };
		4321375827E9DE280007810D /* Millionaire.xcdatamodeld in Sources */ = {isa = PBXBuildFile; fileRef = 4321375627E9DE280007810D /* Millionaire.xcdatamodeld */; };
		4321375A27E9DE290007810D /* Assets.xcassets in Resources */ = {isa = PBXBuildFile; fileRef = 4321375927E9DE290007810D /* Assets.xcassets */; };
		4321375D27E9DE290007810D /* LaunchScreen.storyboard in Resources */ = {isa = PBXBuildFile; fileRef = 4321375B27E9DE290007810D /* LaunchScreen.storyboard */; };
		4321376827E9DE290007810D /* MillionaireTests.swift in Sources */ = {isa = PBXBuildFile; fileRef = 4321376727E9DE290007810D /* MillionaireTests.swift */; };
		4321377227E9DE290007810D /* MillionaireUITests.swift in Sources */ = {isa = PBXBuildFile; fileRef = 4321377127E9DE290007810D /* MillionaireUITests.swift */; };
		4321377427E9DE290007810D /* MillionaireUITestsLaunchTests.swift in Sources */ = {isa = PBXBuildFile; fileRef = 4321377327E9DE290007810D /* MillionaireUITestsLaunchTests.swift */; };
		4321378227E9E44B0007810D /* Question.swift in Sources */ = {isa = PBXBuildFile; fileRef = 4321378127E9E44B0007810D /* Question.swift */; };
		4321378527E9F3100007810D /* ScoreTableViewCell.swift in Sources */ = {isa = PBXBuildFile; fileRef = 4321378427E9F3100007810D /* ScoreTableViewCell.swift */; };
		4321378827E9F44D0007810D /* ScoreViewController.swift in Sources */ = {isa = PBXBuildFile; fileRef = 4321378727E9F44D0007810D /* ScoreViewController.swift */; };
		4321378A27EA02330007810D /* GameViewController.swift in Sources */ = {isa = PBXBuildFile; fileRef = 4321378927EA02330007810D /* GameViewController.swift */; };
		4321378C27EA2B7F0007810D /* GameSession.swift in Sources */ = {isa = PBXBuildFile; fileRef = 4321378B27EA2B7F0007810D /* GameSession.swift */; };
		4321378E27EA2DD00007810D /* Record.swift in Sources */ = {isa = PBXBuildFile; fileRef = 4321378D27EA2DD00007810D /* Record.swift */; };
		4321379027EA35A30007810D /* Game.swift in Sources */ = {isa = PBXBuildFile; fileRef = 4321378F27EA35A30007810D /* Game.swift */; };
		4321379327EA446E0007810D /* RecordsCaretaker.swift in Sources */ = {isa = PBXBuildFile; fileRef = 4321379227EA446E0007810D /* RecordsCaretaker.swift */; };
		434E120427ED07B700318A54 /* QustionsStrategy.swift in Sources */ = {isa = PBXBuildFile; fileRef = 434E120327ED07B700318A54 /* QustionsStrategy.swift */; };
		434E120727ED0E1800318A54 /* QuestionsStrategiesEnum.swift in Sources */ = {isa = PBXBuildFile; fileRef = 434E120627ED0E1800318A54 /* QuestionsStrategiesEnum.swift */; };
		434E120927ED1D3900318A54 /* NameCaretaker.swift in Sources */ = {isa = PBXBuildFile; fileRef = 434E120827ED1D3900318A54 /* NameCaretaker.swift */; };
		434E120B27ED1E8D00318A54 /* QuestionsSortStrategyCaretaker.swift in Sources */ = {isa = PBXBuildFile; fileRef = 434E120A27ED1E8D00318A54 /* QuestionsSortStrategyCaretaker.swift */; };
		434E120F27ED21D000318A54 /* SettingsViewController.swift in Sources */ = {isa = PBXBuildFile; fileRef = 434E120E27ED21D000318A54 /* SettingsViewController.swift */; };
		434E121127ED290300318A54 /* Observable.swift in Sources */ = {isa = PBXBuildFile; fileRef = 434E121027ED290300318A54 /* Observable.swift */; };
		434E121427EE856100318A54 /* AddNewQuestionViewController.swift in Sources */ = {isa = PBXBuildFile; fileRef = 434E121327EE856100318A54 /* AddNewQuestionViewController.swift */; };
		434E121727EE8BCF00318A54 /* QuestionBuilder.swift in Sources */ = {isa = PBXBuildFile; fileRef = 434E121627EE8BCF00318A54 /* QuestionBuilder.swift */; };
		434E121927EE8F6D00318A54 /* NewQustionTableViewCell.swift in Sources */ = {isa = PBXBuildFile; fileRef = 434E121827EE8F6D00318A54 /* NewQustionTableViewCell.swift */; };
		434E121B27EFCD5D00318A54 /* UserQuestionsCaretaker.swift in Sources */ = {isa = PBXBuildFile; fileRef = 434E121A27EFCD5D00318A54 /* UserQuestionsCaretaker.swift */; };
		434E121F27F1290200318A54 /* UIViewController+presentAlert.swift in Sources */ = {isa = PBXBuildFile; fileRef = 434E121E27F1290200318A54 /* UIViewController+presentAlert.swift */; };
		434E122227F1A16600318A54 /* QuestionSellecterFacade.swift in Sources */ = {isa = PBXBuildFile; fileRef = 434E122127F1A16600318A54 /* QuestionSellecterFacade.swift */; };
		43CA020B27EA779F00357DCF /* UIViewController+HideKeyboard.swift in Sources */ = {isa = PBXBuildFile; fileRef = 43CA020A27EA779F00357DCF /* UIViewController+HideKeyboard.swift */; };
/* End PBXBuildFile section */

/* Begin PBXContainerItemProxy section */
		4321376427E9DE290007810D /* PBXContainerItemProxy */ = {
			isa = PBXContainerItemProxy;
			containerPortal = 4321374227E9DE280007810D /* Project object */;
			proxyType = 1;
			remoteGlobalIDString = 4321374927E9DE280007810D;
			remoteInfo = Millionaire;
		};
		4321376E27E9DE290007810D /* PBXContainerItemProxy */ = {
			isa = PBXContainerItemProxy;
			containerPortal = 4321374227E9DE280007810D /* Project object */;
			proxyType = 1;
			remoteGlobalIDString = 4321374927E9DE280007810D;
			remoteInfo = Millionaire;
		};
/* End PBXContainerItemProxy section */

/* Begin PBXFileReference section */
		4321374A27E9DE280007810D /* Millionaire.app */ = {isa = PBXFileReference; explicitFileType = wrapper.application; includeInIndex = 0; path = Millionaire.app; sourceTree = BUILT_PRODUCTS_DIR; };
		4321374D27E9DE280007810D /* AppDelegate.swift */ = {isa = PBXFileReference; lastKnownFileType = sourcecode.swift; path = AppDelegate.swift; sourceTree = "<group>"; };
		4321374F27E9DE280007810D /* SceneDelegate.swift */ = {isa = PBXFileReference; lastKnownFileType = sourcecode.swift; path = SceneDelegate.swift; sourceTree = "<group>"; };
		4321375127E9DE280007810D /* MainMenuViewController.swift */ = {isa = PBXFileReference; lastKnownFileType = sourcecode.swift; path = MainMenuViewController.swift; sourceTree = "<group>"; };
		4321375427E9DE280007810D /* Base */ = {isa = PBXFileReference; lastKnownFileType = file.storyboard; name = Base; path = Base.lproj/Main.storyboard; sourceTree = "<group>"; };
		4321375727E9DE280007810D /* Millionaire.xcdatamodel */ = {isa = PBXFileReference; lastKnownFileType = wrapper.xcdatamodel; path = Millionaire.xcdatamodel; sourceTree = "<group>"; };
		4321375927E9DE290007810D /* Assets.xcassets */ = {isa = PBXFileReference; lastKnownFileType = folder.assetcatalog; path = Assets.xcassets; sourceTree = "<group>"; };
		4321375C27E9DE290007810D /* Base */ = {isa = PBXFileReference; lastKnownFileType = file.storyboard; name = Base; path = Base.lproj/LaunchScreen.storyboard; sourceTree = "<group>"; };
		4321375E27E9DE290007810D /* Info.plist */ = {isa = PBXFileReference; lastKnownFileType = text.plist.xml; path = Info.plist; sourceTree = "<group>"; };
		4321376327E9DE290007810D /* MillionaireTests.xctest */ = {isa = PBXFileReference; explicitFileType = wrapper.cfbundle; includeInIndex = 0; path = MillionaireTests.xctest; sourceTree = BUILT_PRODUCTS_DIR; };
		4321376727E9DE290007810D /* MillionaireTests.swift */ = {isa = PBXFileReference; lastKnownFileType = sourcecode.swift; path = MillionaireTests.swift; sourceTree = "<group>"; };
		4321376D27E9DE290007810D /* MillionaireUITests.xctest */ = {isa = PBXFileReference; explicitFileType = wrapper.cfbundle; includeInIndex = 0; path = MillionaireUITests.xctest; sourceTree = BUILT_PRODUCTS_DIR; };
		4321377127E9DE290007810D /* MillionaireUITests.swift */ = {isa = PBXFileReference; lastKnownFileType = sourcecode.swift; path = MillionaireUITests.swift; sourceTree = "<group>"; };
		4321377327E9DE290007810D /* MillionaireUITestsLaunchTests.swift */ = {isa = PBXFileReference; lastKnownFileType = sourcecode.swift; path = MillionaireUITestsLaunchTests.swift; sourceTree = "<group>"; };
		4321378127E9E44B0007810D /* Question.swift */ = {isa = PBXFileReference; lastKnownFileType = sourcecode.swift; path = Question.swift; sourceTree = "<group>"; };
		4321378427E9F3100007810D /* ScoreTableViewCell.swift */ = {isa = PBXFileReference; lastKnownFileType = sourcecode.swift; path = ScoreTableViewCell.swift; sourceTree = "<group>"; };
		4321378727E9F44D0007810D /* ScoreViewController.swift */ = {isa = PBXFileReference; lastKnownFileType = sourcecode.swift; path = ScoreViewController.swift; sourceTree = "<group>"; };
		4321378927EA02330007810D /* GameViewController.swift */ = {isa = PBXFileReference; lastKnownFileType = sourcecode.swift; path = GameViewController.swift; sourceTree = "<group>"; };
		4321378B27EA2B7F0007810D /* GameSession.swift */ = {isa = PBXFileReference; lastKnownFileType = sourcecode.swift; path = GameSession.swift; sourceTree = "<group>"; };
		4321378D27EA2DD00007810D /* Record.swift */ = {isa = PBXFileReference; lastKnownFileType = sourcecode.swift; path = Record.swift; sourceTree = "<group>"; };
		4321378F27EA35A30007810D /* Game.swift */ = {isa = PBXFileReference; lastKnownFileType = sourcecode.swift; path = Game.swift; sourceTree = "<group>"; };
		4321379227EA446E0007810D /* RecordsCaretaker.swift */ = {isa = PBXFileReference; lastKnownFileType = sourcecode.swift; path = RecordsCaretaker.swift; sourceTree = "<group>"; };
		434E120327ED07B700318A54 /* QustionsStrategy.swift */ = {isa = PBXFileReference; lastKnownFileType = sourcecode.swift; path = QustionsStrategy.swift; sourceTree = "<group>"; };
		434E120627ED0E1800318A54 /* QuestionsStrategiesEnum.swift */ = {isa = PBXFileReference; lastKnownFileType = sourcecode.swift; path = QuestionsStrategiesEnum.swift; sourceTree = "<group>"; };
		434E120827ED1D3900318A54 /* NameCaretaker.swift */ = {isa = PBXFileReference; lastKnownFileType = sourcecode.swift; path = NameCaretaker.swift; sourceTree = "<group>"; };
		434E120A27ED1E8D00318A54 /* QuestionsSortStrategyCaretaker.swift */ = {isa = PBXFileReference; lastKnownFileType = sourcecode.swift; path = QuestionsSortStrategyCaretaker.swift; sourceTree = "<group>"; };
		434E120E27ED21D000318A54 /* SettingsViewController.swift */ = {isa = PBXFileReference; lastKnownFileType = sourcecode.swift; path = SettingsViewController.swift; sourceTree = "<group>"; };
		434E121027ED290300318A54 /* Observable.swift */ = {isa = PBXFileReference; lastKnownFileType = sourcecode.swift; path = Observable.swift; sourceTree = "<group>"; };
		434E121327EE856100318A54 /* AddNewQuestionViewController.swift */ = {isa = PBXFileReference; lastKnownFileType = sourcecode.swift; path = AddNewQuestionViewController.swift; sourceTree = "<group>"; };
		434E121627EE8BCF00318A54 /* QuestionBuilder.swift */ = {isa = PBXFileReference; lastKnownFileType = sourcecode.swift; path = QuestionBuilder.swift; sourceTree = "<group>"; };
		434E121827EE8F6D00318A54 /* NewQustionTableViewCell.swift */ = {isa = PBXFileReference; lastKnownFileType = sourcecode.swift; path = NewQustionTableViewCell.swift; sourceTree = "<group>"; };
		434E121A27EFCD5D00318A54 /* UserQuestionsCaretaker.swift */ = {isa = PBXFileReference; lastKnownFileType = sourcecode.swift; path = UserQuestionsCaretaker.swift; sourceTree = "<group>"; };
		434E121E27F1290200318A54 /* UIViewController+presentAlert.swift */ = {isa = PBXFileReference; lastKnownFileType = sourcecode.swift; path = "UIViewController+presentAlert.swift"; sourceTree = "<group>"; };
		434E122127F1A16600318A54 /* QuestionSellecterFacade.swift */ = {isa = PBXFileReference; lastKnownFileType = sourcecode.swift; path = QuestionSellecterFacade.swift; sourceTree = "<group>"; };
		43CA020A27EA779F00357DCF /* UIViewController+HideKeyboard.swift */ = {isa = PBXFileReference; lastKnownFileType = sourcecode.swift; path = "UIViewController+HideKeyboard.swift"; sourceTree = "<group>"; };
/* End PBXFileReference section */

/* Begin PBXFrameworksBuildPhase section */
		4321374727E9DE280007810D /* Frameworks */ = {
			isa = PBXFrameworksBuildPhase;
			buildActionMask = 2147483647;
			files = (
			);
			runOnlyForDeploymentPostprocessing = 0;
		};
		4321376027E9DE290007810D /* Frameworks */ = {
			isa = PBXFrameworksBuildPhase;
			buildActionMask = 2147483647;
			files = (
			);
			runOnlyForDeploymentPostprocessing = 0;
		};
		4321376A27E9DE290007810D /* Frameworks */ = {
			isa = PBXFrameworksBuildPhase;
			buildActionMask = 2147483647;
			files = (
			);
			runOnlyForDeploymentPostprocessing = 0;
		};
/* End PBXFrameworksBuildPhase section */

/* Begin PBXGroup section */
		4321374127E9DE280007810D = {
			isa = PBXGroup;
			children = (
				4321374C27E9DE280007810D /* Millionaire */,
				4321376627E9DE290007810D /* MillionaireTests */,
				4321377027E9DE290007810D /* MillionaireUITests */,
				4321374B27E9DE280007810D /* Products */,
			);
			sourceTree = "<group>";
		};
		4321374B27E9DE280007810D /* Products */ = {
			isa = PBXGroup;
			children = (
				4321374A27E9DE280007810D /* Millionaire.app */,
				4321376327E9DE290007810D /* MillionaireTests.xctest */,
				4321376D27E9DE290007810D /* MillionaireUITests.xctest */,
			);
			name = Products;
			sourceTree = "<group>";
		};
		4321374C27E9DE280007810D /* Millionaire */ = {
			isa = PBXGroup;
			children = (
				4321374F27E9DE280007810D /* SceneDelegate.swift */,
				434E121227ED295700318A54 /* Fundamental */,
				43CA020927EA773700357DCF /* Extensions */,
				4321379127EA442E0007810D /* DataCaretaker */,
				4321378027E9E4320007810D /* Sourses */,
				4321378327E9F2DE0007810D /* UI */,
				4321375327E9DE280007810D /* Main.storyboard */,
				4321375927E9DE290007810D /* Assets.xcassets */,
				4321375B27E9DE290007810D /* LaunchScreen.storyboard */,
				4321375E27E9DE290007810D /* Info.plist */,
				4321375627E9DE280007810D /* Millionaire.xcdatamodeld */,
			);
			path = Millionaire;
			sourceTree = "<group>";
		};
		4321376627E9DE290007810D /* MillionaireTests */ = {
			isa = PBXGroup;
			children = (
				4321376727E9DE290007810D /* MillionaireTests.swift */,
			);
			path = MillionaireTests;
			sourceTree = "<group>";
		};
		4321377027E9DE290007810D /* MillionaireUITests */ = {
			isa = PBXGroup;
			children = (
				4321377127E9DE290007810D /* MillionaireUITests.swift */,
				4321377327E9DE290007810D /* MillionaireUITestsLaunchTests.swift */,
			);
			path = MillionaireUITests;
			sourceTree = "<group>";
		};
		4321378027E9E4320007810D /* Sourses */ = {
			isa = PBXGroup;
			children = (
				434E122027F1A0C600318A54 /* Facade */,
				434E121527EE8BB700318A54 /* Builder */,
				434E120527ED084F00318A54 /* Strategies */,
				4321378127E9E44B0007810D /* Question.swift */,
				4321378F27EA35A30007810D /* Game.swift */,
				4321378B27EA2B7F0007810D /* GameSession.swift */,
				4321378D27EA2DD00007810D /* Record.swift */,
			);
			path = Sourses;
			sourceTree = "<group>";
		};
		4321378327E9F2DE0007810D /* UI */ = {
			isa = PBXGroup;
			children = (
				4321378627E9F3160007810D /* Cells */,
				4321375127E9DE280007810D /* MainMenuViewController.swift */,
				4321378927EA02330007810D /* GameViewController.swift */,
				4321378727E9F44D0007810D /* ScoreViewController.swift */,
				434E120E27ED21D000318A54 /* SettingsViewController.swift */,
				434E121327EE856100318A54 /* AddNewQuestionViewController.swift */,
			);
			path = UI;
			sourceTree = "<group>";
		};
		4321378627E9F3160007810D /* Cells */ = {
			isa = PBXGroup;
			children = (
				4321378427E9F3100007810D /* ScoreTableViewCell.swift */,
				434E121827EE8F6D00318A54 /* NewQustionTableViewCell.swift */,
			);
			path = Cells;
			sourceTree = "<group>";
		};
		4321379127EA442E0007810D /* DataCaretaker */ = {
			isa = PBXGroup;
			children = (
				4321379227EA446E0007810D /* RecordsCaretaker.swift */,
				434E120827ED1D3900318A54 /* NameCaretaker.swift */,
				434E120A27ED1E8D00318A54 /* QuestionsSortStrategyCaretaker.swift */,
				434E121A27EFCD5D00318A54 /* UserQuestionsCaretaker.swift */,
			);
			path = DataCaretaker;
			sourceTree = "<group>";
		};
		434E120527ED084F00318A54 /* Strategies */ = {
			isa = PBXGroup;
			children = (
				434E120327ED07B700318A54 /* QustionsStrategy.swift */,
				434E120627ED0E1800318A54 /* QuestionsStrategiesEnum.swift */,
			);
			path = Strategies;
			sourceTree = "<group>";
		};
		434E121227ED295700318A54 /* Fundamental */ = {
			isa = PBXGroup;
			children = (
				4321374D27E9DE280007810D /* AppDelegate.swift */,
				434E121027ED290300318A54 /* Observable.swift */,
			);
			path = Fundamental;
			sourceTree = "<group>";
		};
		434E121527EE8BB700318A54 /* Builder */ = {
			isa = PBXGroup;
			children = (
				434E121627EE8BCF00318A54 /* QuestionBuilder.swift */,
			);
			path = Builder;
			sourceTree = "<group>";
		};
		434E122027F1A0C600318A54 /* Facade */ = {
			isa = PBXGroup;
			children = (
				434E122127F1A16600318A54 /* QuestionSellecterFacade.swift */,
			);
			path = Facade;
			sourceTree = "<group>";
		};
		43CA020927EA773700357DCF /* Extensions */ = {
			isa = PBXGroup;
			children = (
				43CA020A27EA779F00357DCF /* UIViewController+HideKeyboard.swift */,
				434E121E27F1290200318A54 /* UIViewController+presentAlert.swift */,
			);
			path = Extensions;
			sourceTree = "<group>";
		};
/* End PBXGroup section */

/* Begin PBXNativeTarget section */
		4321374927E9DE280007810D /* Millionaire */ = {
			isa = PBXNativeTarget;
			buildConfigurationList = 4321377727E9DE290007810D /* Build configuration list for PBXNativeTarget "Millionaire" */;
			buildPhases = (
				4321374627E9DE280007810D /* Sources */,
				4321374727E9DE280007810D /* Frameworks */,
				4321374827E9DE280007810D /* Resources */,
			);
			buildRules = (
			);
			dependencies = (
			);
			name = Millionaire;
			productName = Millionaire;
			productReference = 4321374A27E9DE280007810D /* Millionaire.app */;
			productType = "com.apple.product-type.application";
		};
		4321376227E9DE290007810D /* MillionaireTests */ = {
			isa = PBXNativeTarget;
			buildConfigurationList = 4321377A27E9DE290007810D /* Build configuration list for PBXNativeTarget "MillionaireTests" */;
			buildPhases = (
				4321375F27E9DE290007810D /* Sources */,
				4321376027E9DE290007810D /* Frameworks */,
				4321376127E9DE290007810D /* Resources */,
			);
			buildRules = (
			);
			dependencies = (
				4321376527E9DE290007810D /* PBXTargetDependency */,
			);
			name = MillionaireTests;
			productName = MillionaireTests;
			productReference = 4321376327E9DE290007810D /* MillionaireTests.xctest */;
			productType = "com.apple.product-type.bundle.unit-test";
		};
		4321376C27E9DE290007810D /* MillionaireUITests */ = {
			isa = PBXNativeTarget;
			buildConfigurationList = 4321377D27E9DE290007810D /* Build configuration list for PBXNativeTarget "MillionaireUITests" */;
			buildPhases = (
				4321376927E9DE290007810D /* Sources */,
				4321376A27E9DE290007810D /* Frameworks */,
				4321376B27E9DE290007810D /* Resources */,
			);
			buildRules = (
			);
			dependencies = (
				4321376F27E9DE290007810D /* PBXTargetDependency */,
			);
			name = MillionaireUITests;
			productName = MillionaireUITests;
			productReference = 4321376D27E9DE290007810D /* MillionaireUITests.xctest */;
			productType = "com.apple.product-type.bundle.ui-testing";
		};
/* End PBXNativeTarget section */

/* Begin PBXProject section */
		4321374227E9DE280007810D /* Project object */ = {
			isa = PBXProject;
			attributes = {
				BuildIndependentTargetsInParallel = 1;
				LastSwiftUpdateCheck = 1320;
				LastUpgradeCheck = 1320;
				TargetAttributes = {
					4321374927E9DE280007810D = {
						CreatedOnToolsVersion = 13.2;
					};
					4321376227E9DE290007810D = {
						CreatedOnToolsVersion = 13.2;
						TestTargetID = 4321374927E9DE280007810D;
					};
					4321376C27E9DE290007810D = {
						CreatedOnToolsVersion = 13.2;
						TestTargetID = 4321374927E9DE280007810D;
					};
				};
			};
			buildConfigurationList = 4321374527E9DE280007810D /* Build configuration list for PBXProject "Millionaire" */;
			compatibilityVersion = "Xcode 13.0";
			developmentRegion = en;
			hasScannedForEncodings = 0;
			knownRegions = (
				en,
				Base,
			);
			mainGroup = 4321374127E9DE280007810D;
			productRefGroup = 4321374B27E9DE280007810D /* Products */;
			projectDirPath = "";
			projectRoot = "";
			targets = (
				4321374927E9DE280007810D /* Millionaire */,
				4321376227E9DE290007810D /* MillionaireTests */,
				4321376C27E9DE290007810D /* MillionaireUITests */,
			);
		};
/* End PBXProject section */

/* Begin PBXResourcesBuildPhase section */
		4321374827E9DE280007810D /* Resources */ = {
			isa = PBXResourcesBuildPhase;
			buildActionMask = 2147483647;
			files = (
				4321375D27E9DE290007810D /* LaunchScreen.storyboard in Resources */,
				4321375A27E9DE290007810D /* Assets.xcassets in Resources */,
				4321375527E9DE280007810D /* Main.storyboard in Resources */,
			);
			runOnlyForDeploymentPostprocessing = 0;
		};
		4321376127E9DE290007810D /* Resources */ = {
			isa = PBXResourcesBuildPhase;
			buildActionMask = 2147483647;
			files = (
			);
			runOnlyForDeploymentPostprocessing = 0;
		};
		4321376B27E9DE290007810D /* Resources */ = {
			isa = PBXResourcesBuildPhase;
			buildActionMask = 2147483647;
			files = (
			);
			runOnlyForDeploymentPostprocessing = 0;
		};
/* End PBXResourcesBuildPhase section */

/* Begin PBXSourcesBuildPhase section */
		4321374627E9DE280007810D /* Sources */ = {
			isa = PBXSourcesBuildPhase;
			buildActionMask = 2147483647;
			files = (
				434E121127ED290300318A54 /* Observable.swift in Sources */,
				4321378827E9F44D0007810D /* ScoreViewController.swift in Sources */,
				434E121B27EFCD5D00318A54 /* UserQuestionsCaretaker.swift in Sources */,
				434E120927ED1D3900318A54 /* NameCaretaker.swift in Sources */,
				434E120B27ED1E8D00318A54 /* QuestionsSortStrategyCaretaker.swift in Sources */,
				434E121927EE8F6D00318A54 /* NewQustionTableViewCell.swift in Sources */,
				4321379327EA446E0007810D /* RecordsCaretaker.swift in Sources */,
				434E121F27F1290200318A54 /* UIViewController+presentAlert.swift in Sources */,
				4321378C27EA2B7F0007810D /* GameSession.swift in Sources */,
				4321378E27EA2DD00007810D /* Record.swift in Sources */,
				4321378227E9E44B0007810D /* Question.swift in Sources */,
				434E120727ED0E1800318A54 /* QuestionsStrategiesEnum.swift in Sources */,
				434E121727EE8BCF00318A54 /* QuestionBuilder.swift in Sources */,
				4321375227E9DE280007810D /* MainMenuViewController.swift in Sources */,
				434E122227F1A16600318A54 /* QuestionSellecterFacade.swift in Sources */,
				4321375827E9DE280007810D /* Millionaire.xcdatamodeld in Sources */,
				4321379027EA35A30007810D /* Game.swift in Sources */,
				43CA020B27EA779F00357DCF /* UIViewController+HideKeyboard.swift in Sources */,
				4321378A27EA02330007810D /* GameViewController.swift in Sources */,
				434E120427ED07B700318A54 /* QustionsStrategy.swift in Sources */,
				434E121427EE856100318A54 /* AddNewQuestionViewController.swift in Sources */,
				4321374E27E9DE280007810D /* AppDelegate.swift in Sources */,
				4321378527E9F3100007810D /* ScoreTableViewCell.swift in Sources */,
				4321375027E9DE280007810D /* SceneDelegate.swift in Sources */,
				434E120F27ED21D000318A54 /* SettingsViewController.swift in Sources */,
			);
			runOnlyForDeploymentPostprocessing = 0;
		};
		4321375F27E9DE290007810D /* Sources */ = {
			isa = PBXSourcesBuildPhase;
			buildActionMask = 2147483647;
			files = (
				4321376827E9DE290007810D /* MillionaireTests.swift in Sources */,
			);
			runOnlyForDeploymentPostprocessing = 0;
		};
		4321376927E9DE290007810D /* Sources */ = {
			isa = PBXSourcesBuildPhase;
			buildActionMask = 2147483647;
			files = (
				4321377427E9DE290007810D /* MillionaireUITestsLaunchTests.swift in Sources */,
				4321377227E9DE290007810D /* MillionaireUITests.swift in Sources */,
			);
			runOnlyForDeploymentPostprocessing = 0;
		};
/* End PBXSourcesBuildPhase section */

/* Begin PBXTargetDependency section */
		4321376527E9DE290007810D /* PBXTargetDependency */ = {
			isa = PBXTargetDependency;
			target = 4321374927E9DE280007810D /* Millionaire */;
			targetProxy = 4321376427E9DE290007810D /* PBXContainerItemProxy */;
		};
		4321376F27E9DE290007810D /* PBXTargetDependency */ = {
			isa = PBXTargetDependency;
			target = 4321374927E9DE280007810D /* Millionaire */;
			targetProxy = 4321376E27E9DE290007810D /* PBXContainerItemProxy */;
		};
/* End PBXTargetDependency section */

/* Begin PBXVariantGroup section */
		4321375327E9DE280007810D /* Main.storyboard */ = {
			isa = PBXVariantGroup;
			children = (
				4321375427E9DE280007810D /* Base */,
			);
			name = Main.storyboard;
			sourceTree = "<group>";
		};
		4321375B27E9DE290007810D /* LaunchScreen.storyboard */ = {
			isa = PBXVariantGroup;
			children = (
				4321375C27E9DE290007810D /* Base */,
			);
			name = LaunchScreen.storyboard;
			sourceTree = "<group>";
		};
/* End PBXVariantGroup section */

/* Begin XCBuildConfiguration section */
		4321377527E9DE290007810D /* Debug */ = {
			isa = XCBuildConfiguration;
			buildSettings = {
				ALWAYS_SEARCH_USER_PATHS = NO;
				CLANG_ANALYZER_NONNULL = YES;
				CLANG_ANALYZER_NUMBER_OBJECT_CONVERSION = YES_AGGRESSIVE;
				CLANG_CXX_LANGUAGE_STANDARD = "gnu++17";
				CLANG_CXX_LIBRARY = "libc++";
				CLANG_ENABLE_MODULES = YES;
				CLANG_ENABLE_OBJC_ARC = YES;
				CLANG_ENABLE_OBJC_WEAK = YES;
				CLANG_WARN_BLOCK_CAPTURE_AUTORELEASING = YES;
				CLANG_WARN_BOOL_CONVERSION = YES;
				CLANG_WARN_COMMA = YES;
				CLANG_WARN_CONSTANT_CONVERSION = YES;
				CLANG_WARN_DEPRECATED_OBJC_IMPLEMENTATIONS = YES;
				CLANG_WARN_DIRECT_OBJC_ISA_USAGE = YES_ERROR;
				CLANG_WARN_DOCUMENTATION_COMMENTS = YES;
				CLANG_WARN_EMPTY_BODY = YES;
				CLANG_WARN_ENUM_CONVERSION = YES;
				CLANG_WARN_INFINITE_RECURSION = YES;
				CLANG_WARN_INT_CONVERSION = YES;
				CLANG_WARN_NON_LITERAL_NULL_CONVERSION = YES;
				CLANG_WARN_OBJC_IMPLICIT_RETAIN_SELF = YES;
				CLANG_WARN_OBJC_LITERAL_CONVERSION = YES;
				CLANG_WARN_OBJC_ROOT_CLASS = YES_ERROR;
				CLANG_WARN_QUOTED_INCLUDE_IN_FRAMEWORK_HEADER = YES;
				CLANG_WARN_RANGE_LOOP_ANALYSIS = YES;
				CLANG_WARN_STRICT_PROTOTYPES = YES;
				CLANG_WARN_SUSPICIOUS_MOVE = YES;
				CLANG_WARN_UNGUARDED_AVAILABILITY = YES_AGGRESSIVE;
				CLANG_WARN_UNREACHABLE_CODE = YES;
				CLANG_WARN__DUPLICATE_METHOD_MATCH = YES;
				COPY_PHASE_STRIP = NO;
				DEBUG_INFORMATION_FORMAT = dwarf;
				ENABLE_STRICT_OBJC_MSGSEND = YES;
				ENABLE_TESTABILITY = YES;
				GCC_C_LANGUAGE_STANDARD = gnu11;
				GCC_DYNAMIC_NO_PIC = NO;
				GCC_NO_COMMON_BLOCKS = YES;
				GCC_OPTIMIZATION_LEVEL = 0;
				GCC_PREPROCESSOR_DEFINITIONS = (
					"DEBUG=1",
					"$(inherited)",
				);
				GCC_WARN_64_TO_32_BIT_CONVERSION = YES;
				GCC_WARN_ABOUT_RETURN_TYPE = YES_ERROR;
				GCC_WARN_UNDECLARED_SELECTOR = YES;
				GCC_WARN_UNINITIALIZED_AUTOS = YES_AGGRESSIVE;
				GCC_WARN_UNUSED_FUNCTION = YES;
				GCC_WARN_UNUSED_VARIABLE = YES;
				IPHONEOS_DEPLOYMENT_TARGET = 15.2;
				MTL_ENABLE_DEBUG_INFO = INCLUDE_SOURCE;
				MTL_FAST_MATH = YES;
				ONLY_ACTIVE_ARCH = YES;
				SDKROOT = iphoneos;
				SWIFT_ACTIVE_COMPILATION_CONDITIONS = DEBUG;
				SWIFT_OPTIMIZATION_LEVEL = "-Onone";
			};
			name = Debug;
		};
		4321377627E9DE290007810D /* Release */ = {
			isa = XCBuildConfiguration;
			buildSettings = {
				ALWAYS_SEARCH_USER_PATHS = NO;
				CLANG_ANALYZER_NONNULL = YES;
				CLANG_ANALYZER_NUMBER_OBJECT_CONVERSION = YES_AGGRESSIVE;
				CLANG_CXX_LANGUAGE_STANDARD = "gnu++17";
				CLANG_CXX_LIBRARY = "libc++";
				CLANG_ENABLE_MODULES = YES;
				CLANG_ENABLE_OBJC_ARC = YES;
				CLANG_ENABLE_OBJC_WEAK = YES;
				CLANG_WARN_BLOCK_CAPTURE_AUTORELEASING = YES;
				CLANG_WARN_BOOL_CONVERSION = YES;
				CLANG_WARN_COMMA = YES;
				CLANG_WARN_CONSTANT_CONVERSION = YES;
				CLANG_WARN_DEPRECATED_OBJC_IMPLEMENTATIONS = YES;
				CLANG_WARN_DIRECT_OBJC_ISA_USAGE = YES_ERROR;
				CLANG_WARN_DOCUMENTATION_COMMENTS = YES;
				CLANG_WARN_EMPTY_BODY = YES;
				CLANG_WARN_ENUM_CONVERSION = YES;
				CLANG_WARN_INFINITE_RECURSION = YES;
				CLANG_WARN_INT_CONVERSION = YES;
				CLANG_WARN_NON_LITERAL_NULL_CONVERSION = YES;
				CLANG_WARN_OBJC_IMPLICIT_RETAIN_SELF = YES;
				CLANG_WARN_OBJC_LITERAL_CONVERSION = YES;
				CLANG_WARN_OBJC_ROOT_CLASS = YES_ERROR;
				CLANG_WARN_QUOTED_INCLUDE_IN_FRAMEWORK_HEADER = YES;
				CLANG_WARN_RANGE_LOOP_ANALYSIS = YES;
				CLANG_WARN_STRICT_PROTOTYPES = YES;
				CLANG_WARN_SUSPICIOUS_MOVE = YES;
				CLANG_WARN_UNGUARDED_AVAILABILITY = YES_AGGRESSIVE;
				CLANG_WARN_UNREACHABLE_CODE = YES;
				CLANG_WARN__DUPLICATE_METHOD_MATCH = YES;
				COPY_PHASE_STRIP = NO;
				DEBUG_INFORMATION_FORMAT = "dwarf-with-dsym";
				ENABLE_NS_ASSERTIONS = NO;
				ENABLE_STRICT_OBJC_MSGSEND = YES;
				GCC_C_LANGUAGE_STANDARD = gnu11;
				GCC_NO_COMMON_BLOCKS = YES;
				GCC_WARN_64_TO_32_BIT_CONVERSION = YES;
				GCC_WARN_ABOUT_RETURN_TYPE = YES_ERROR;
				GCC_WARN_UNDECLARED_SELECTOR = YES;
				GCC_WARN_UNINITIALIZED_AUTOS = YES_AGGRESSIVE;
				GCC_WARN_UNUSED_FUNCTION = YES;
				GCC_WARN_UNUSED_VARIABLE = YES;
				IPHONEOS_DEPLOYMENT_TARGET = 15.2;
				MTL_ENABLE_DEBUG_INFO = NO;
				MTL_FAST_MATH = YES;
				SDKROOT = iphoneos;
				SWIFT_COMPILATION_MODE = wholemodule;
				SWIFT_OPTIMIZATION_LEVEL = "-O";
				VALIDATE_PRODUCT = YES;
			};
			name = Release;
		};
		4321377827E9DE290007810D /* Debug */ = {
			isa = XCBuildConfiguration;
			buildSettings = {
				ASSETCATALOG_COMPILER_APPICON_NAME = AppIcon;
				ASSETCATALOG_COMPILER_GLOBAL_ACCENT_COLOR_NAME = AccentColor;
				CODE_SIGN_STYLE = Automatic;
				CURRENT_PROJECT_VERSION = 1;
				DEVELOPMENT_TEAM = 4ASSJS6XBQ;
				GENERATE_INFOPLIST_FILE = YES;
				INFOPLIST_FILE = Millionaire/Info.plist;
				INFOPLIST_KEY_UIApplicationSupportsIndirectInputEvents = YES;
				INFOPLIST_KEY_UILaunchStoryboardName = LaunchScreen;
				INFOPLIST_KEY_UIMainStoryboardFile = Main;
				INFOPLIST_KEY_UISupportedInterfaceOrientations_iPad = "UIInterfaceOrientationPortrait UIInterfaceOrientationPortraitUpsideDown UIInterfaceOrientationLandscapeLeft UIInterfaceOrientationLandscapeRight";
				INFOPLIST_KEY_UISupportedInterfaceOrientations_iPhone = "UIInterfaceOrientationPortrait UIInterfaceOrientationLandscapeLeft UIInterfaceOrientationLandscapeRight";
				LD_RUNPATH_SEARCH_PATHS = (
					"$(inherited)",
					"@executable_path/Frameworks",
				);
				MARKETING_VERSION = 1.0;
				PRODUCT_BUNDLE_IDENTIFIER = hz4ever.Millionaire;
				PRODUCT_NAME = "$(TARGET_NAME)";
				SWIFT_EMIT_LOC_STRINGS = YES;
				SWIFT_VERSION = 5.0;
				TARGETED_DEVICE_FAMILY = "1,2";
			};
			name = Debug;
		};
		4321377927E9DE290007810D /* Release */ = {
			isa = XCBuildConfiguration;
			buildSettings = {
				ASSETCATALOG_COMPILER_APPICON_NAME = AppIcon;
				ASSETCATALOG_COMPILER_GLOBAL_ACCENT_COLOR_NAME = AccentColor;
				CODE_SIGN_STYLE = Automatic;
				CURRENT_PROJECT_VERSION = 1;
				DEVELOPMENT_TEAM = 4ASSJS6XBQ;
				GENERATE_INFOPLIST_FILE = YES;
				INFOPLIST_FILE = Millionaire/Info.plist;
				INFOPLIST_KEY_UIApplicationSupportsIndirectInputEvents = YES;
				INFOPLIST_KEY_UILaunchStoryboardName = LaunchScreen;
				INFOPLIST_KEY_UIMainStoryboardFile = Main;
				INFOPLIST_KEY_UISupportedInterfaceOrientations_iPad = "UIInterfaceOrientationPortrait UIInterfaceOrientationPortraitUpsideDown UIInterfaceOrientationLandscapeLeft UIInterfaceOrientationLandscapeRight";
				INFOPLIST_KEY_UISupportedInterfaceOrientations_iPhone = "UIInterfaceOrientationPortrait UIInterfaceOrientationLandscapeLeft UIInterfaceOrientationLandscapeRight";
				LD_RUNPATH_SEARCH_PATHS = (
					"$(inherited)",
					"@executable_path/Frameworks",
				);
				MARKETING_VERSION = 1.0;
				PRODUCT_BUNDLE_IDENTIFIER = hz4ever.Millionaire;
				PRODUCT_NAME = "$(TARGET_NAME)";
				SWIFT_EMIT_LOC_STRINGS = YES;
				SWIFT_VERSION = 5.0;
				TARGETED_DEVICE_FAMILY = "1,2";
			};
			name = Release;
		};
		4321377B27E9DE290007810D /* Debug */ = {
			isa = XCBuildConfiguration;
			buildSettings = {
				ALWAYS_EMBED_SWIFT_STANDARD_LIBRARIES = YES;
				BUNDLE_LOADER = "$(TEST_HOST)";
				CODE_SIGN_STYLE = Automatic;
				CURRENT_PROJECT_VERSION = 1;
				DEVELOPMENT_TEAM = 4ASSJS6XBQ;
				GENERATE_INFOPLIST_FILE = YES;
				IPHONEOS_DEPLOYMENT_TARGET = 15.2;
				MARKETING_VERSION = 1.0;
				PRODUCT_BUNDLE_IDENTIFIER = hz4ever.MillionaireTests;
				PRODUCT_NAME = "$(TARGET_NAME)";
				SWIFT_EMIT_LOC_STRINGS = NO;
				SWIFT_VERSION = 5.0;
				TARGETED_DEVICE_FAMILY = "1,2";
				TEST_HOST = "$(BUILT_PRODUCTS_DIR)/Millionaire.app/Millionaire";
			};
			name = Debug;
		};
		4321377C27E9DE290007810D /* Release */ = {
			isa = XCBuildConfiguration;
			buildSettings = {
				ALWAYS_EMBED_SWIFT_STANDARD_LIBRARIES = YES;
				BUNDLE_LOADER = "$(TEST_HOST)";
				CODE_SIGN_STYLE = Automatic;
				CURRENT_PROJECT_VERSION = 1;
				DEVELOPMENT_TEAM = 4ASSJS6XBQ;
				GENERATE_INFOPLIST_FILE = YES;
				IPHONEOS_DEPLOYMENT_TARGET = 15.2;
				MARKETING_VERSION = 1.0;
				PRODUCT_BUNDLE_IDENTIFIER = hz4ever.MillionaireTests;
				PRODUCT_NAME = "$(TARGET_NAME)";
				SWIFT_EMIT_LOC_STRINGS = NO;
				SWIFT_VERSION = 5.0;
				TARGETED_DEVICE_FAMILY = "1,2";
				TEST_HOST = "$(BUILT_PRODUCTS_DIR)/Millionaire.app/Millionaire";
			};
			name = Release;
		};
		4321377E27E9DE290007810D /* Debug */ = {
			isa = XCBuildConfiguration;
			buildSettings = {
				ALWAYS_EMBED_SWIFT_STANDARD_LIBRARIES = YES;
				CODE_SIGN_STYLE = Automatic;
				CURRENT_PROJECT_VERSION = 1;
				DEVELOPMENT_TEAM = 4ASSJS6XBQ;
				GENERATE_INFOPLIST_FILE = YES;
				MARKETING_VERSION = 1.0;
				PRODUCT_BUNDLE_IDENTIFIER = hz4ever.MillionaireUITests;
				PRODUCT_NAME = "$(TARGET_NAME)";
				SWIFT_EMIT_LOC_STRINGS = NO;
				SWIFT_VERSION = 5.0;
				TARGETED_DEVICE_FAMILY = "1,2";
				TEST_TARGET_NAME = Millionaire;
			};
			name = Debug;
		};
		4321377F27E9DE290007810D /* Release */ = {
			isa = XCBuildConfiguration;
			buildSettings = {
				ALWAYS_EMBED_SWIFT_STANDARD_LIBRARIES = YES;
				CODE_SIGN_STYLE = Automatic;
				CURRENT_PROJECT_VERSION = 1;
				DEVELOPMENT_TEAM = 4ASSJS6XBQ;
				GENERATE_INFOPLIST_FILE = YES;
				MARKETING_VERSION = 1.0;
				PRODUCT_BUNDLE_IDENTIFIER = hz4ever.MillionaireUITests;
				PRODUCT_NAME = "$(TARGET_NAME)";
				SWIFT_EMIT_LOC_STRINGS = NO;
				SWIFT_VERSION = 5.0;
				TARGETED_DEVICE_FAMILY = "1,2";
				TEST_TARGET_NAME = Millionaire;
			};
			name = Release;
		};
/* End XCBuildConfiguration section */

/* Begin XCConfigurationList section */
		4321374527E9DE280007810D /* Build configuration list for PBXProject "Millionaire" */ = {
			isa = XCConfigurationList;
			buildConfigurations = (
				4321377527E9DE290007810D /* Debug */,
				4321377627E9DE290007810D /* Release */,
			);
			defaultConfigurationIsVisible = 0;
			defaultConfigurationName = Release;
		};
		4321377727E9DE290007810D /* Build configuration list for PBXNativeTarget "Millionaire" */ = {
			isa = XCConfigurationList;
			buildConfigurations = (
				4321377827E9DE290007810D /* Debug */,
				4321377927E9DE290007810D /* Release */,
			);
			defaultConfigurationIsVisible = 0;
			defaultConfigurationName = Release;
		};
		4321377A27E9DE290007810D /* Build configuration list for PBXNativeTarget "MillionaireTests" */ = {
			isa = XCConfigurationList;
			buildConfigurations = (
				4321377B27E9DE290007810D /* Debug */,
				4321377C27E9DE290007810D /* Release */,
			);
			defaultConfigurationIsVisible = 0;
			defaultConfigurationName = Release;
		};
		4321377D27E9DE290007810D /* Build configuration list for PBXNativeTarget "MillionaireUITests" */ = {
			isa = XCConfigurationList;
			buildConfigurations = (
				4321377E27E9DE290007810D /* Debug */,
				4321377F27E9DE290007810D /* Release */,
			);
			defaultConfigurationIsVisible = 0;
			defaultConfigurationName = Release;
		};
/* End XCConfigurationList section */

/* Begin XCVersionGroup section */
		4321375627E9DE280007810D /* Millionaire.xcdatamodeld */ = {
			isa = XCVersionGroup;
			children = (
				4321375727E9DE280007810D /* Millionaire.xcdatamodel */,
			);
			currentVersion = 4321375727E9DE280007810D /* Millionaire.xcdatamodel */;
			path = Millionaire.xcdatamodeld;
			sourceTree = "<group>";
			versionGroupType = wrapper.xcdatamodel;
		};
/* End XCVersionGroup section */
	};
	rootObject = 4321374227E9DE280007810D /* Project object */;
}
